DEPENDENCIES
  apache2
    git: https://github.com/sous-chefs/apache2.git
    revision: de83c6bb05e3b8afbda66340c138a83931809196
  nagios
  resource-control

GRAPH
  apache2 (3.2.2)
  apt (5.0.0)
    compat_resource (>= 12.14.7)
  bluepill (3.0.0)
    rsyslog (>= 2.0)
  build-essential (7.0.2)
    compat_resource (>= 12.14)
    mingw (>= 1.1)
    seven_zip (>= 0.0.0)
  compat_resource (12.16.3)
  iis (5.0.5)
    windows (>= 1.34.6)
  mingw (1.2.4)
    compat_resource (>= 0.0.0)
    seven_zip (>= 0.0.0)
  mysql (8.2.0)
  nagios (7.2.6)
    apache2 (>= 2.0)
    build-essential (>= 0.0.0)
    nginx (>= 0.0.0)
    nginx_simplecgi (>= 0.0.0)
    nrpe (>= 0.0.0)
    php (>= 0.0.0)
    yum-epel (>= 0.0.0)
    zap (>= 0.6.0)
  nginx (1.8.0)
    apt (>= 0.0.0)
    build-essential (>= 0.0.0)
    ohai (>= 1.1.4)
    runit (>= 0.0.0)
    yum (>= 0.0.0)
  nginx_simplecgi (0.1.2)
    bluepill (>= 0.0.0)
    nginx (>= 0.0.0)
    perl (>= 0.0.0)
    runit (>= 0.0.0)
  nrpe (1.6.4)
    build-essential (>= 0.0.0)
    yum-epel (>= 0.0.0)
  ohai (4.2.3)
    compat_resource (>= 12.14.7)
  packagecloud (0.2.5)
  perl (4.0.0)
    windows (>= 0.0.0)
  php (2.2.0)
    build-essential (>= 0.0.0)
    iis (>= 0.0.0)
    mysql (>= 6.0.0)
    xml (>= 0.0.0)
    yum-epel (>= 0.0.0)
  resource-control (0.1.2)
  rsyslog (5.0.1)
    compat_resource (>= 12.14.6)
  runit (3.0.3)
    packagecloud (>= 0.0.0)
    yum-epel (>= 0.0.0)
  seven_zip (2.0.2)
    windows (>= 1.2.2)
  windows (2.1.1)
    ohai (>= 4.0.0)
  xml (3.1.0)
    build-essential (>= 0.0.0)
  yum (4.1.0)
  yum-epel (2.0.0)
    compat_resource (>= 12.14.6)
  zap (0.12.0)
