DEPENDENCIES
  my_cookbook
    path: cookbooks/my_cookbook

GRAPH
  apt (2.6.1)
  bluepill (2.3.1)
    rsyslog (>= 0.0.0)
  build-essential (2.1.3)
  my_cookbook (0.0.0)
    apt (>= 0.0.0)
    nginx (>= 0.0.0)
  nginx (2.7.4)
    apt (~> 2.2)
    bluepill (~> 2.3)
    build-essential (~> 2.0)
    ohai (~> 2.0)
    runit (~> 1.2)
    yum-epel (~> 0.3)
  ohai (2.0.1)
  rsyslog (1.15.0)
  runit (1.5.16)
    build-essential (>= 0.0.0)
    yum (~> 3.0)
    yum-epel (>= 0.0.0)
  yum (3.5.3)
  yum-epel (0.6.0)
    yum (~> 3.0)
