DEPENDENCIES
  my_cookbook
    path: cookbooks/my_cookbook

GRAPH
  apt (4.0.2)
    compat_resource (>= 12.10)
  chef-client (6.0.0)
    cron (>= 1.7.0)
    logrotate (>= 1.9.0)
    windows (>= 1.42.0)
  compat_resource (12.14.7)
  cron (2.0.0)
  logrotate (2.1.0)
    compat_resource (>= 0.0.0)
  my_cookbook (0.1.1)
    apt (>= 0.0.0)
    chef-client (>= 0.0.0)
    ntp (>= 0.0.0)
  ntp (3.2.0)
  windows (2.0.2)
